Microsoft Visual Studio Solution File, Format Version 12.00
# Visual Studio Version 17
VisualStudioVersion = 17.5.2.0
MinimumVisualStudioVersion = 10.0.40219.1
Project("{FAE04EC0-301F-11D3-BF4B-00C04F79EFBC}") = "Ass1", "Ass1.csproj", "{FBE8D435-0B2E-201F-0312-77FFAABA1ADB}"
EndProject
Global
	GlobalSection(SolutionConfigurationPlatforms) = preSolution
		Debug|Any CPU = Debug|Any CPU
		Release|Any CPU = Release|Any CPU
	EndGlobalSection
	GlobalSection(ProjectConfigurationPlatforms) = postSolution
		{FBE8D435-0B2E-201F-0312-77FFAABA1ADB}.Debug|Any CPU.ActiveCfg = Debug|Any CPU
		{FBE8D435-0B2E-201F-0312-77FFAABA1ADB}.Debug|Any CPU.Build.0 = Debug|Any CPU
		{FBE8D435-0B2E-201F-0312-77FFAABA1ADB}.Release|Any CPU.ActiveCfg = Release|Any CPU
		{FBE8D435-0B2E-201F-0312-77FFAABA1ADB}.Release|Any CPU.Build.0 = Release|Any CPU
	EndGlobalSection
	GlobalSection(SolutionProperties) = preSolution
		HideSolutionNode = FALSE
	EndGlobalSection
	GlobalSection(ExtensibilityGlobals) = postSolution
		SolutionGuid = {D9CF8382-1675-4FD0-A605-4005CB05AA43}
	EndGlobalSection
EndGlobal
